// !$*UTF8*$!
{
	archiveVersion = 1;
	classes = {
	};
	objectVersion = 48;
	objects = {

/* Begin PBXBuildFile section */
		AB4F61D51F7D51C8004224AB /* AppDelegate.swift in Sources */ = {isa = PBXBuildFile; fileRef = AB4F61D41F7D51C8004224AB /* AppDelegate.swift */; };
		AB4F61D71F7D51C8004224AB /* ViewController.swift in Sources */ = {isa = PBXBuildFile; fileRef = AB4F61D61F7D51C8004224AB /* ViewController.swift */; };
		AB4F61DC1F7D51C8004224AB /* Assets.xcassets in Resources */ = {isa = PBXBuildFile; fileRef = AB4F61DB1F7D51C8004224AB /* Assets.xcassets */; };
		AB4F61F51F7D51C8004224AB /* SideProjectUITests.swift in Sources */ = {isa = PBXBuildFile; fileRef = AB4F61F41F7D51C8004224AB /* SideProjectUITests.swift */; };
		AB4F62031F7D51EA004224AB /* ViewControllerSpec.swift in Sources */ = {isa = PBXBuildFile; fileRef = AB4F62021F7D51EA004224AB /* ViewControllerSpec.swift */; };
		AB73330D1F9E81F900D67701 /* EventService.swift in Sources */ = {isa = PBXBuildFile; fileRef = AB73330C1F9E81F900D67701 /* EventService.swift */; };
		AB7333111F9E824B00D67701 /* EventServiceSpec.swift in Sources */ = {isa = PBXBuildFile; fileRef = AB7333101F9E824B00D67701 /* EventServiceSpec.swift */; };
		AB73331B1F9E884000D67701 /* Nimble.framework in Frameworks */ = {isa = PBXBuildFile; fileRef = AB7333191F9E883F00D67701 /* Nimble.framework */; };
		AB73331C1F9E884000D67701 /* Quick.framework in Frameworks */ = {isa = PBXBuildFile; fileRef = AB73331A1F9E883F00D67701 /* Quick.framework */; };
		AB73331E1F9E897700D67701 /* Event.swift in Sources */ = {isa = PBXBuildFile; fileRef = AB73331D1F9E897700D67701 /* Event.swift */; };
		AB7333201F9E8FE700D67701 /* HttpService.swift in Sources */ = {isa = PBXBuildFile; fileRef = AB73331F1F9E8FE700D67701 /* HttpService.swift */; };
		ABA9F54A1F9658D700FA149E /* ViewController.xib in Resources */ = {isa = PBXBuildFile; fileRef = ABA9F5491F9658D700FA149E /* ViewController.xib */; };
/* End PBXBuildFile section */

/* Begin PBXContainerItemProxy section */
		AB4F61E61F7D51C8004224AB /* PBXContainerItemProxy */ = {
			isa = PBXContainerItemProxy;
			containerPortal = AB4F61C91F7D51C8004224AB /* Project object */;
			proxyType = 1;
			remoteGlobalIDString = AB4F61D01F7D51C8004224AB;
			remoteInfo = SideProject;
		};
		AB4F61F11F7D51C8004224AB /* PBXContainerItemProxy */ = {
			isa = PBXContainerItemProxy;
			containerPortal = AB4F61C91F7D51C8004224AB /* Project object */;
			proxyType = 1;
			remoteGlobalIDString = AB4F61D01F7D51C8004224AB;
			remoteInfo = SideProject;
		};
/* End PBXContainerItemProxy section */

/* Begin PBXFileReference section */
		AB4F61D11F7D51C8004224AB /* SideProject.app */ = {isa = PBXFileReference; explicitFileType = wrapper.application; includeInIndex = 0; path = SideProject.app; sourceTree = BUILT_PRODUCTS_DIR; };
		AB4F61D41F7D51C8004224AB /* AppDelegate.swift */ = {isa = PBXFileReference; lastKnownFileType = sourcecode.swift; path = AppDelegate.swift; sourceTree = "<group>"; };
		AB4F61D61F7D51C8004224AB /* ViewController.swift */ = {isa = PBXFileReference; lastKnownFileType = sourcecode.swift; path = ViewController.swift; sourceTree = "<group>"; };
		AB4F61DB1F7D51C8004224AB /* Assets.xcassets */ = {isa = PBXFileReference; lastKnownFileType = folder.assetcatalog; path = Assets.xcassets; sourceTree = "<group>"; };
		AB4F61E01F7D51C8004224AB /* Info.plist */ = {isa = PBXFileReference; lastKnownFileType = text.plist.xml; path = Info.plist; sourceTree = "<group>"; };
		AB4F61E51F7D51C8004224AB /* SideProjectTests.xctest */ = {isa = PBXFileReference; explicitFileType = wrapper.cfbundle; includeInIndex = 0; path = SideProjectTests.xctest; sourceTree = BUILT_PRODUCTS_DIR; };
		AB4F61EB1F7D51C8004224AB /* Info.plist */ = {isa = PBXFileReference; lastKnownFileType = text.plist.xml; path = Info.plist; sourceTree = "<group>"; };
		AB4F61F01F7D51C8004224AB /* SideProjectUITests.xctest */ = {isa = PBXFileReference; explicitFileType = wrapper.cfbundle; includeInIndex = 0; path = SideProjectUITests.xctest; sourceTree = BUILT_PRODUCTS_DIR; };
		AB4F61F41F7D51C8004224AB /* SideProjectUITests.swift */ = {isa = PBXFileReference; lastKnownFileType = sourcecode.swift; path = SideProjectUITests.swift; sourceTree = "<group>"; };
		AB4F61F61F7D51C8004224AB /* Info.plist */ = {isa = PBXFileReference; lastKnownFileType = text.plist.xml; path = Info.plist; sourceTree = "<group>"; };
		AB4F62021F7D51EA004224AB /* ViewControllerSpec.swift */ = {isa = PBXFileReference; lastKnownFileType = sourcecode.swift; path = ViewControllerSpec.swift; sourceTree = "<group>"; };
		AB73330C1F9E81F900D67701 /* EventService.swift */ = {isa = PBXFileReference; lastKnownFileType = sourcecode.swift; path = EventService.swift; sourceTree = "<group>"; };
		AB7333101F9E824B00D67701 /* EventServiceSpec.swift */ = {isa = PBXFileReference; lastKnownFileType = sourcecode.swift; path = EventServiceSpec.swift; sourceTree = "<group>"; };
		AB7333191F9E883F00D67701 /* Nimble.framework */ = {isa = PBXFileReference; lastKnownFileType = wrapper.framework; name = Nimble.framework; path = Carthage/Build/iOS/Nimble.framework; sourceTree = "<group>"; };
		AB73331A1F9E883F00D67701 /* Quick.framework */ = {isa = PBXFileReference; lastKnownFileType = wrapper.framework; name = Quick.framework; path = Carthage/Build/iOS/Quick.framework; sourceTree = "<group>"; };
		AB73331D1F9E897700D67701 /* Event.swift */ = {isa = PBXFileReference; fileEncoding = 4; lastKnownFileType = sourcecode.swift; name = Event.swift; path = SideProject/Models/Event.swift; sourceTree = SOURCE_ROOT; };
		AB73331F1F9E8FE700D67701 /* HttpService.swift */ = {isa = PBXFileReference; lastKnownFileType = sourcecode.swift; path = HttpService.swift; sourceTree = "<group>"; };
		ABA9F5491F9658D700FA149E /* ViewController.xib */ = {isa = PBXFileReference; lastKnownFileType = file.xib; path = ViewController.xib; sourceTree = "<group>"; };
/* End PBXFileReference section */

/* Begin PBXFrameworksBuildPhase section */
		AB4F61CE1F7D51C8004224AB /* Frameworks */ = {
			isa = PBXFrameworksBuildPhase;
			buildActionMask = 2147483647;
			files = (
			);
			runOnlyForDeploymentPostprocessing = 0;
		};
		AB4F61E21F7D51C8004224AB /* Frameworks */ = {
			isa = PBXFrameworksBuildPhase;
			buildActionMask = 2147483647;
			files = (
				AB73331B1F9E884000D67701 /* Nimble.framework in Frameworks */,
				AB73331C1F9E884000D67701 /* Quick.framework in Frameworks */,
			);
			runOnlyForDeploymentPostprocessing = 0;
		};
		AB4F61ED1F7D51C8004224AB /* Frameworks */ = {
			isa = PBXFrameworksBuildPhase;
			buildActionMask = 2147483647;
			files = (
			);
			runOnlyForDeploymentPostprocessing = 0;
		};
/* End PBXFrameworksBuildPhase section */

/* Begin PBXGroup section */
		AB4F61C81F7D51C8004224AB = {
			isa = PBXGroup;
			children = (
				AB4F61D31F7D51C8004224AB /* SideProject */,
				AB4F61E81F7D51C8004224AB /* SideProjectTests */,
				AB4F61F31F7D51C8004224AB /* SideProjectUITests */,
				AB4F61D21F7D51C8004224AB /* Products */,
				AB4F62091F7D544C004224AB /* Frameworks */,
			);
			sourceTree = "<group>";
		};
		AB4F61D21F7D51C8004224AB /* Products */ = {
			isa = PBXGroup;
			children = (
				AB4F61D11F7D51C8004224AB /* SideProject.app */,
				AB4F61E51F7D51C8004224AB /* SideProjectTests.xctest */,
				AB4F61F01F7D51C8004224AB /* SideProjectUITests.xctest */,
			);
			name = Products;
			sourceTree = "<group>";
		};
		AB4F61D31F7D51C8004224AB /* SideProject */ = {
			isa = PBXGroup;
			children = (
				AB73330B1F9E81E400D67701 /* ViewControllers */,
				AB73330A1F9E81BA00D67701 /* Services */,
				AB7333071F9E784000D67701 /* Models */,
				AB4F61D41F7D51C8004224AB /* AppDelegate.swift */,
				AB4F61DB1F7D51C8004224AB /* Assets.xcassets */,
				AB4F61E01F7D51C8004224AB /* Info.plist */,
				ABA9F5491F9658D700FA149E /* ViewController.xib */,
			);
			path = SideProject;
			sourceTree = "<group>";
		};
		AB4F61E81F7D51C8004224AB /* SideProjectTests */ = {
			isa = PBXGroup;
			children = (
				AB73330E1F9E821100D67701 /* ViewControllers */,
				AB73330F1F9E821800D67701 /* Services */,
				AB4F61EB1F7D51C8004224AB /* Info.plist */,
			);
			path = SideProjectTests;
			sourceTree = "<group>";
		};
		AB4F61F31F7D51C8004224AB /* SideProjectUITests */ = {
			isa = PBXGroup;
			children = (
				AB4F61F41F7D51C8004224AB /* SideProjectUITests.swift */,
				AB4F61F61F7D51C8004224AB /* Info.plist */,
			);
			path = SideProjectUITests;
			sourceTree = "<group>";
		};
		AB4F62091F7D544C004224AB /* Frameworks */ = {
			isa = PBXGroup;
			children = (
				AB7333191F9E883F00D67701 /* Nimble.framework */,
				AB73331A1F9E883F00D67701 /* Quick.framework */,
			);
			name = Frameworks;
			sourceTree = "<group>";
		};
		AB7333071F9E784000D67701 /* Models */ = {
			isa = PBXGroup;
			children = (
				AB73331D1F9E897700D67701 /* Event.swift */,
			);
			name = Models;
			path = "New Group";
			sourceTree = "<group>";
		};
		AB73330A1F9E81BA00D67701 /* Services */ = {
			isa = PBXGroup;
			children = (
				AB73330C1F9E81F900D67701 /* EventService.swift */,
				AB73331F1F9E8FE700D67701 /* HttpService.swift */,
			);
			path = Services;
			sourceTree = "<group>";
		};
		AB73330B1F9E81E400D67701 /* ViewControllers */ = {
			isa = PBXGroup;
			children = (
				AB4F61D61F7D51C8004224AB /* ViewController.swift */,
			);
			path = ViewControllers;
			sourceTree = "<group>";
		};
		AB73330E1F9E821100D67701 /* ViewControllers */ = {
			isa = PBXGroup;
			children = (
				AB4F62021F7D51EA004224AB /* ViewControllerSpec.swift */,
			);
			path = ViewControllers;
			sourceTree = "<group>";
		};
		AB73330F1F9E821800D67701 /* Services */ = {
			isa = PBXGroup;
			children = (
				AB7333101F9E824B00D67701 /* EventServiceSpec.swift */,
			);
			path = Services;
			sourceTree = "<group>";
		};
/* End PBXGroup section */

/* Begin PBXNativeTarget section */
		AB4F61D01F7D51C8004224AB /* SideProject */ = {
			isa = PBXNativeTarget;
			buildConfigurationList = AB4F61F91F7D51C8004224AB /* Build configuration list for PBXNativeTarget "SideProject" */;
			buildPhases = (
				AB4F61CD1F7D51C8004224AB /* Sources */,
				AB4F61CE1F7D51C8004224AB /* Frameworks */,
				AB4F61CF1F7D51C8004224AB /* Resources */,
			);
			buildRules = (
			);
			dependencies = (
			);
			name = SideProject;
			productName = SideProject;
			productReference = AB4F61D11F7D51C8004224AB /* SideProject.app */;
			productType = "com.apple.product-type.application";
		};
		AB4F61E41F7D51C8004224AB /* SideProjectTests */ = {
			isa = PBXNativeTarget;
			buildConfigurationList = AB4F61FC1F7D51C8004224AB /* Build configuration list for PBXNativeTarget "SideProjectTests" */;
			buildPhases = (
				AB4F61E11F7D51C8004224AB /* Sources */,
				AB4F61E21F7D51C8004224AB /* Frameworks */,
				AB4F61E31F7D51C8004224AB /* Resources */,
				AB7333181F9E86E900D67701 /* ShellScript */,
			);
			buildRules = (
			);
			dependencies = (
				AB4F61E71F7D51C8004224AB /* PBXTargetDependency */,
			);
			name = SideProjectTests;
			productName = SideProjectTests;
			productReference = AB4F61E51F7D51C8004224AB /* SideProjectTests.xctest */;
			productType = "com.apple.product-type.bundle.unit-test";
		};
		AB4F61EF1F7D51C8004224AB /* SideProjectUITests */ = {
			isa = PBXNativeTarget;
			buildConfigurationList = AB4F61FF1F7D51C8004224AB /* Build configuration list for PBXNativeTarget "SideProjectUITests" */;
			buildPhases = (
				AB4F61EC1F7D51C8004224AB /* Sources */,
				AB4F61ED1F7D51C8004224AB /* Frameworks */,
				AB4F61EE1F7D51C8004224AB /* Resources */,
			);
			buildRules = (
			);
			dependencies = (
				AB4F61F21F7D51C8004224AB /* PBXTargetDependency */,
			);
			name = SideProjectUITests;
			productName = SideProjectUITests;
			productReference = AB4F61F01F7D51C8004224AB /* SideProjectUITests.xctest */;
			productType = "com.apple.product-type.bundle.ui-testing";
		};
/* End PBXNativeTarget section */

/* Begin PBXProject section */
		AB4F61C91F7D51C8004224AB /* Project object */ = {
			isa = PBXProject;
			attributes = {
				LastSwiftUpdateCheck = 0900;
				LastUpgradeCheck = 0900;
				ORGANIZATIONNAME = GK;
				TargetAttributes = {
					AB4F61D01F7D51C8004224AB = {
						CreatedOnToolsVersion = 9.0;
						ProvisioningStyle = Automatic;
					};
					AB4F61E41F7D51C8004224AB = {
						CreatedOnToolsVersion = 9.0;
						LastSwiftMigration = 0900;
						ProvisioningStyle = Automatic;
						TestTargetID = AB4F61D01F7D51C8004224AB;
					};
					AB4F61EF1F7D51C8004224AB = {
						CreatedOnToolsVersion = 9.0;
						ProvisioningStyle = Automatic;
						TestTargetID = AB4F61D01F7D51C8004224AB;
					};
				};
			};
			buildConfigurationList = AB4F61CC1F7D51C8004224AB /* Build configuration list for PBXProject "SideProject" */;
			compatibilityVersion = "Xcode 8.0";
			developmentRegion = en;
			hasScannedForEncodings = 0;
			knownRegions = (
				en,
				Base,
			);
			mainGroup = AB4F61C81F7D51C8004224AB;
			productRefGroup = AB4F61D21F7D51C8004224AB /* Products */;
			projectDirPath = "";
			projectRoot = "";
			targets = (
				AB4F61D01F7D51C8004224AB /* SideProject */,
				AB4F61E41F7D51C8004224AB /* SideProjectTests */,
				AB4F61EF1F7D51C8004224AB /* SideProjectUITests */,
			);
		};
/* End PBXProject section */

/* Begin PBXResourcesBuildPhase section */
		AB4F61CF1F7D51C8004224AB /* Resources */ = {
			isa = PBXResourcesBuildPhase;
			buildActionMask = 2147483647;
			files = (
				ABA9F54A1F9658D700FA149E /* ViewController.xib in Resources */,
				AB4F61DC1F7D51C8004224AB /* Assets.xcassets in Resources */,
			);
			runOnlyForDeploymentPostprocessing = 0;
		};
		AB4F61E31F7D51C8004224AB /* Resources */ = {
			isa = PBXResourcesBuildPhase;
			buildActionMask = 2147483647;
			files = (
			);
			runOnlyForDeploymentPostprocessing = 0;
		};
		AB4F61EE1F7D51C8004224AB /* Resources */ = {
			isa = PBXResourcesBuildPhase;
			buildActionMask = 2147483647;
			files = (
			);
			runOnlyForDeploymentPostprocessing = 0;
		};
/* End PBXResourcesBuildPhase section */

/* Begin PBXShellScriptBuildPhase section */
		AB7333181F9E86E900D67701 /* ShellScript */ = {
			isa = PBXShellScriptBuildPhase;
			buildActionMask = 2147483647;
			files = (
			);
			inputPaths = (
				"$(SRCROOT)/Carthage/Build/iOS/Quick.framework",
				"$(SRCROOT)/Carthage/Build/iOS/Nimble.framework",
			);
			outputPaths = (
			);
			runOnlyForDeploymentPostprocessing = 0;
			shellPath = /bin/sh;
			shellScript = "/usr/local/bin/carthage copy-frameworks";
		};
/* End PBXShellScriptBuildPhase section */

/* Begin PBXSourcesBuildPhase section */
		AB4F61CD1F7D51C8004224AB /* Sources */ = {
			isa = PBXSourcesBuildPhase;
			buildActionMask = 2147483647;
			files = (
				AB73331E1F9E897700D67701 /* Event.swift in Sources */,
				AB73330D1F9E81F900D67701 /* EventService.swift in Sources */,
				AB4F61D71F7D51C8004224AB /* ViewController.swift in Sources */,
				AB4F61D51F7D51C8004224AB /* AppDelegate.swift in Sources */,
				AB7333201F9E8FE700D67701 /* HttpService.swift in Sources */,
			);
			runOnlyForDeploymentPostprocessing = 0;
		};
		AB4F61E11F7D51C8004224AB /* Sources */ = {
			isa = PBXSourcesBuildPhase;
			buildActionMask = 2147483647;
			files = (
				AB4F62031F7D51EA004224AB /* ViewControllerSpec.swift in Sources */,
				AB7333111F9E824B00D67701 /* EventServiceSpec.swift in Sources */,
			);
			runOnlyForDeploymentPostprocessing = 0;
		};
		AB4F61EC1F7D51C8004224AB /* Sources */ = {
			isa = PBXSourcesBuildPhase;
			buildActionMask = 2147483647;
			files = (
				AB4F61F51F7D51C8004224AB /* SideProjectUITests.swift in Sources */,
			);
			runOnlyForDeploymentPostprocessing = 0;
		};
/* End PBXSourcesBuildPhase section */

/* Begin PBXTargetDependency section */
		AB4F61E71F7D51C8004224AB /* PBXTargetDependency */ = {
			isa = PBXTargetDependency;
			target = AB4F61D01F7D51C8004224AB /* SideProject */;
			targetProxy = AB4F61E61F7D51C8004224AB /* PBXContainerItemProxy */;
		};
		AB4F61F21F7D51C8004224AB /* PBXTargetDependency */ = {
			isa = PBXTargetDependency;
			target = AB4F61D01F7D51C8004224AB /* SideProject */;
			targetProxy = AB4F61F11F7D51C8004224AB /* PBXContainerItemProxy */;
		};
/* End PBXTargetDependency section */

/* Begin XCBuildConfiguration section */
		AB4F61F71F7D51C8004224AB /* Debug */ = {
			isa = XCBuildConfiguration;
			buildSettings = {
				ALWAYS_SEARCH_USER_PATHS = NO;
				CLANG_ANALYZER_NONNULL = YES;
				CLANG_ANALYZER_NUMBER_OBJECT_CONVERSION = YES_AGGRESSIVE;
				CLANG_CXX_LANGUAGE_STANDARD = "gnu++14";
				CLANG_CXX_LIBRARY = "libc++";
				CLANG_ENABLE_MODULES = YES;
				CLANG_ENABLE_OBJC_ARC = YES;
				CLANG_WARN_BLOCK_CAPTURE_AUTORELEASING = YES;
				CLANG_WARN_BOOL_CONVERSION = YES;
				CLANG_WARN_COMMA = YES;
				CLANG_WARN_CONSTANT_CONVERSION = YES;
				CLANG_WARN_DIRECT_OBJC_ISA_USAGE = YES_ERROR;
				CLANG_WARN_DOCUMENTATION_COMMENTS = YES;
				CLANG_WARN_EMPTY_BODY = YES;
				CLANG_WARN_ENUM_CONVERSION = YES;
				CLANG_WARN_INFINITE_RECURSION = YES;
				CLANG_WARN_INT_CONVERSION = YES;
				CLANG_WARN_NON_LITERAL_NULL_CONVERSION = YES;
				CLANG_WARN_OBJC_LITERAL_CONVERSION = YES;
				CLANG_WARN_OBJC_ROOT_CLASS = YES_ERROR;
				CLANG_WARN_RANGE_LOOP_ANALYSIS = YES;
				CLANG_WARN_STRICT_PROTOTYPES = YES;
				CLANG_WARN_SUSPICIOUS_MOVE = YES;
				CLANG_WARN_UNGUARDED_AVAILABILITY = YES_AGGRESSIVE;
				CLANG_WARN_UNREACHABLE_CODE = YES;
				CLANG_WARN__DUPLICATE_METHOD_MATCH = YES;
				CODE_SIGN_IDENTITY = "iPhone Developer";
				COPY_PHASE_STRIP = NO;
				DEBUG_INFORMATION_FORMAT = dwarf;
				ENABLE_STRICT_OBJC_MSGSEND = YES;
				ENABLE_TESTABILITY = YES;
				GCC_C_LANGUAGE_STANDARD = gnu11;
				GCC_DYNAMIC_NO_PIC = NO;
				GCC_NO_COMMON_BLOCKS = YES;
				GCC_OPTIMIZATION_LEVEL = 0;
				GCC_PREPROCESSOR_DEFINITIONS = (
					"DEBUG=1",
					"$(inherited)",
				);
				GCC_WARN_64_TO_32_BIT_CONVERSION = YES;
				GCC_WARN_ABOUT_RETURN_TYPE = YES_ERROR;
				GCC_WARN_UNDECLARED_SELECTOR = YES;
				GCC_WARN_UNINITIALIZED_AUTOS = YES_AGGRESSIVE;
				GCC_WARN_UNUSED_FUNCTION = YES;
				GCC_WARN_UNUSED_VARIABLE = YES;
				IPHONEOS_DEPLOYMENT_TARGET = 11.0;
				MTL_ENABLE_DEBUG_INFO = YES;
				ONLY_ACTIVE_ARCH = YES;
				SDKROOT = iphoneos;
				SWIFT_ACTIVE_COMPILATION_CONDITIONS = DEBUG;
				SWIFT_OPTIMIZATION_LEVEL = "-Onone";
			};
			name = Debug;
		};
		AB4F61F81F7D51C8004224AB /* Release */ = {
			isa = XCBuildConfiguration;
			buildSettings = {
				ALWAYS_SEARCH_USER_PATHS = NO;
				CLANG_ANALYZER_NONNULL = YES;
				CLANG_ANALYZER_NUMBER_OBJECT_CONVERSION = YES_AGGRESSIVE;
				CLANG_CXX_LANGUAGE_STANDARD = "gnu++14";
				CLANG_CXX_LIBRARY = "libc++";
				CLANG_ENABLE_MODULES = YES;
				CLANG_ENABLE_OBJC_ARC = YES;
				CLANG_WARN_BLOCK_CAPTURE_AUTORELEASING = YES;
				CLANG_WARN_BOOL_CONVERSION = YES;
				CLANG_WARN_COMMA = YES;
				CLANG_WARN_CONSTANT_CONVERSION = YES;
				CLANG_WARN_DIRECT_OBJC_ISA_USAGE = YES_ERROR;
				CLANG_WARN_DOCUMENTATION_COMMENTS = YES;
				CLANG_WARN_EMPTY_BODY = YES;
				CLANG_WARN_ENUM_CONVERSION = YES;
				CLANG_WARN_INFINITE_RECURSION = YES;
				CLANG_WARN_INT_CONVERSION = YES;
				CLANG_WARN_NON_LITERAL_NULL_CONVERSION = YES;
				CLANG_WARN_OBJC_LITERAL_CONVERSION = YES;
				CLANG_WARN_OBJC_ROOT_CLASS = YES_ERROR;
				CLANG_WARN_RANGE_LOOP_ANALYSIS = YES;
				CLANG_WARN_STRICT_PROTOTYPES = YES;
				CLANG_WARN_SUSPICIOUS_MOVE = YES;
				CLANG_WARN_UNGUARDED_AVAILABILITY = YES_AGGRESSIVE;
				CLANG_WARN_UNREACHABLE_CODE = YES;
				CLANG_WARN__DUPLICATE_METHOD_MATCH = YES;
				CODE_SIGN_IDENTITY = "iPhone Developer";
				COPY_PHASE_STRIP = NO;
				DEBUG_INFORMATION_FORMAT = "dwarf-with-dsym";
				ENABLE_NS_ASSERTIONS = NO;
				ENABLE_STRICT_OBJC_MSGSEND = YES;
				GCC_C_LANGUAGE_STANDARD = gnu11;
				GCC_NO_COMMON_BLOCKS = YES;
				GCC_WARN_64_TO_32_BIT_CONVERSION = YES;
				GCC_WARN_ABOUT_RETURN_TYPE = YES_ERROR;
				GCC_WARN_UNDECLARED_SELECTOR = YES;
				GCC_WARN_UNINITIALIZED_AUTOS = YES_AGGRESSIVE;
				GCC_WARN_UNUSED_FUNCTION = YES;
				GCC_WARN_UNUSED_VARIABLE = YES;
				IPHONEOS_DEPLOYMENT_TARGET = 11.0;
				MTL_ENABLE_DEBUG_INFO = NO;
				SDKROOT = iphoneos;
				SWIFT_OPTIMIZATION_LEVEL = "-Owholemodule";
				VALIDATE_PRODUCT = YES;
			};
			name = Release;
		};
		AB4F61FA1F7D51C8004224AB /* Debug */ = {
			isa = XCBuildConfiguration;
			buildSettings = {
				ASSETCATALOG_COMPILER_APPICON_NAME = AppIcon;
				CODE_SIGN_STYLE = Automatic;
				INFOPLIST_FILE = SideProject/Info.plist;
				LD_RUNPATH_SEARCH_PATHS = "$(inherited) @executable_path/Frameworks";
				PRODUCT_BUNDLE_IDENTIFIER = com.gordonkrull.SideProject;
				PRODUCT_NAME = "$(TARGET_NAME)";
				SWIFT_VERSION = 4.0;
				TARGETED_DEVICE_FAMILY = "1,2";
			};
			name = Debug;
		};
		AB4F61FB1F7D51C8004224AB /* Release */ = {
			isa = XCBuildConfiguration;
			buildSettings = {
				ASSETCATALOG_COMPILER_APPICON_NAME = AppIcon;
				CODE_SIGN_STYLE = Automatic;
				INFOPLIST_FILE = SideProject/Info.plist;
				LD_RUNPATH_SEARCH_PATHS = "$(inherited) @executable_path/Frameworks";
				PRODUCT_BUNDLE_IDENTIFIER = com.gordonkrull.SideProject;
				PRODUCT_NAME = "$(TARGET_NAME)";
				SWIFT_VERSION = 4.0;
				TARGETED_DEVICE_FAMILY = "1,2";
			};
			name = Release;
		};
		AB4F61FD1F7D51C8004224AB /* Debug */ = {
			isa = XCBuildConfiguration;
			buildSettings = {
				ALWAYS_EMBED_SWIFT_STANDARD_LIBRARIES = YES;
				BUNDLE_LOADER = "$(TEST_HOST)";
				CLANG_ENABLE_MODULES = YES;
				CODE_SIGN_STYLE = Automatic;
				FRAMEWORK_SEARCH_PATHS = (
					"$(inherited)",
					"$(PROJECT_DIR)/Carthage/Build/iOS",
				);
				INFOPLIST_FILE = SideProjectTests/Info.plist;
				LD_RUNPATH_SEARCH_PATHS = "$(inherited) @executable_path/Frameworks @loader_path/Frameworks";
				PRODUCT_BUNDLE_IDENTIFIER = com.gordonkrull.SideProjectTests;
				PRODUCT_NAME = "$(TARGET_NAME)";
				SWIFT_OPTIMIZATION_LEVEL = "-Onone";
				SWIFT_VERSION = 4.0;
				TARGETED_DEVICE_FAMILY = "1,2";
				TEST_HOST = "$(BUILT_PRODUCTS_DIR)/SideProject.app/SideProject";
			};
			name = Debug;
		};
		AB4F61FE1F7D51C8004224AB /* Release */ = {
			isa = XCBuildConfiguration;
			buildSettings = {
				ALWAYS_EMBED_SWIFT_STANDARD_LIBRARIES = YES;
				BUNDLE_LOADER = "$(TEST_HOST)";
				CLANG_ENABLE_MODULES = YES;
				CODE_SIGN_STYLE = Automatic;
				FRAMEWORK_SEARCH_PATHS = (
					"$(inherited)",
					"$(PROJECT_DIR)/Carthage/Build/iOS",
				);
				INFOPLIST_FILE = SideProjectTests/Info.plist;
				LD_RUNPATH_SEARCH_PATHS = "$(inherited) @executable_path/Frameworks @loader_path/Frameworks";
				PRODUCT_BUNDLE_IDENTIFIER = com.gordonkrull.SideProjectTests;
				PRODUCT_NAME = "$(TARGET_NAME)";
				SWIFT_VERSION = 4.0;
				TARGETED_DEVICE_FAMILY = "1,2";
				TEST_HOST = "$(BUILT_PRODUCTS_DIR)/SideProject.app/SideProject";
			};
			name = Release;
		};
		AB4F62001F7D51C8004224AB /* Debug */ = {
			isa = XCBuildConfiguration;
			buildSettings = {
				ALWAYS_EMBED_SWIFT_STANDARD_LIBRARIES = YES;
				CODE_SIGN_STYLE = Automatic;
				INFOPLIST_FILE = SideProjectUITests/Info.plist;
				LD_RUNPATH_SEARCH_PATHS = "$(inherited) @executable_path/Frameworks @loader_path/Frameworks";
				PRODUCT_BUNDLE_IDENTIFIER = com.gordonkrull.SideProjectUITests;
				PRODUCT_NAME = "$(TARGET_NAME)";
				SWIFT_VERSION = 4.0;
				TARGETED_DEVICE_FAMILY = "1,2";
				TEST_TARGET_NAME = SideProject;
			};
			name = Debug;
		};
		AB4F62011F7D51C8004224AB /* Release */ = {
			isa = XCBuildConfiguration;
			buildSettings = {
				ALWAYS_EMBED_SWIFT_STANDARD_LIBRARIES = YES;
				CODE_SIGN_STYLE = Automatic;
				INFOPLIST_FILE = SideProjectUITests/Info.plist;
				LD_RUNPATH_SEARCH_PATHS = "$(inherited) @executable_path/Frameworks @loader_path/Frameworks";
				PRODUCT_BUNDLE_IDENTIFIER = com.gordonkrull.SideProjectUITests;
				PRODUCT_NAME = "$(TARGET_NAME)";
				SWIFT_VERSION = 4.0;
				TARGETED_DEVICE_FAMILY = "1,2";
				TEST_TARGET_NAME = SideProject;
			};
			name = Release;
		};
/* End XCBuildConfiguration section */

/* Begin XCConfigurationList section */
		AB4F61CC1F7D51C8004224AB /* Build configuration list for PBXProject "SideProject" */ = {
			isa = XCConfigurationList;
			buildConfigurations = (
				AB4F61F71F7D51C8004224AB /* Debug */,
				AB4F61F81F7D51C8004224AB /* Release */,
			);
			defaultConfigurationIsVisible = 0;
			defaultConfigurationName = Release;
		};
		AB4F61F91F7D51C8004224AB /* Build configuration list for PBXNativeTarget "SideProject" */ = {
			isa = XCConfigurationList;
			buildConfigurations = (
				AB4F61FA1F7D51C8004224AB /* Debug */,
				AB4F61FB1F7D51C8004224AB /* Release */,
			);
			defaultConfigurationIsVisible = 0;
			defaultConfigurationName = Release;
		};
		AB4F61FC1F7D51C8004224AB /* Build configuration list for PBXNativeTarget "SideProjectTests" */ = {
			isa = XCConfigurationList;
			buildConfigurations = (
				AB4F61FD1F7D51C8004224AB /* Debug */,
				AB4F61FE1F7D51C8004224AB /* Release */,
			);
			defaultConfigurationIsVisible = 0;
			defaultConfigurationName = Release;
		};
		AB4F61FF1F7D51C8004224AB /* Build configuration list for PBXNativeTarget "SideProjectUITests" */ = {
			isa = XCConfigurationList;
			buildConfigurations = (
				AB4F62001F7D51C8004224AB /* Debug */,
				AB4F62011F7D51C8004224AB /* Release */,
			);
			defaultConfigurationIsVisible = 0;
			defaultConfigurationName = Release;
		};
/* End XCConfigurationList section */
	};
	rootObject = AB4F61C91F7D51C8004224AB /* Project object */;
}
